
Microsoft Visual Studio Solution File, Format Version 12.00
# Visual Studio Version 16
VisualStudioVersion = 16.0.33328.57
MinimumVisualStudioVersion = 10.0.40219.1
Project("{FAE04EC0-301F-11D3-BF4B-00C04F79EFBC}") = "API_CUIDADORES", "API_CUIDADORES\API_CUIDADORES.csproj", "{22A565DC-ACCC-4322-95DD-B3524CAFF5A2}"
EndProject
Global
	GlobalSection(SolutionConfigurationPlatforms) = preSolution
		Debug|Any CPU = Debug|Any CPU
		Release|Any CPU = Release|Any CPU
	EndGlobalSection
	GlobalSection(ProjectConfigurationPlatforms) = postSolution
		{22A565DC-ACCC-4322-95DD-B3524CAFF5A2}.Debug|Any CPU.ActiveCfg = Debug|Any CPU
		{22A565DC-ACCC-4322-95DD-B3524CAFF5A2}.Debug|Any CPU.Build.0 = Debug|Any CPU
		{22A565DC-ACCC-4322-95DD-B3524CAFF5A2}.Release|Any CPU.ActiveCfg = Release|Any CPU
		{22A565DC-ACCC-4322-95DD-B3524CAFF5A2}.Release|Any CPU.Build.0 = Release|Any CPU
	EndGlobalSection
	GlobalSection(SolutionProperties) = preSolution
		HideSolutionNode = FALSE
	EndGlobalSection
	GlobalSection(ExtensibilityGlobals) = postSolution
		SolutionGuid = {01310589-BB24-4C74-86D4-A53BDD81E602}
	EndGlobalSection
EndGlobal
